
Microsoft Visual Studio Solution File, Format Version 12.00
# Visual Studio Version 17
VisualStudioVersion = 17.14.36414.22 d17.14
MinimumVisualStudioVersion = 10.0.40219.1
Project("{FAE04EC0-301F-11D3-BF4B-00C04F79EFBC}") = "1.3 Лаба", "1.3 Лаба.csproj", "{C2A5EF37-E80A-44DD-8098-294665BF3288}"
EndProject
Global
	GlobalSection(SolutionConfigurationPlatforms) = preSolution
		Debug|Any CPU = Debug|Any CPU
		Release|Any CPU = Release|Any CPU
	EndGlobalSection
	GlobalSection(ProjectConfigurationPlatforms) = postSolution
		{C2A5EF37-E80A-44DD-8098-294665BF3288}.Debug|Any CPU.ActiveCfg = Debug|Any CPU
		{C2A5EF37-E80A-44DD-8098-294665BF3288}.Debug|Any CPU.Build.0 = Debug|Any CPU
		{C2A5EF37-E80A-44DD-8098-294665BF3288}.Release|Any CPU.ActiveCfg = Release|Any CPU
		{C2A5EF37-E80A-44DD-8098-294665BF3288}.Release|Any CPU.Build.0 = Release|Any CPU
	EndGlobalSection
	GlobalSection(SolutionProperties) = preSolution
		HideSolutionNode = FALSE
	EndGlobalSection
	GlobalSection(ExtensibilityGlobals) = postSolution
		SolutionGuid = {0DA6F82C-D8E1-4422-911B-6DB265EF1696}
	EndGlobalSection
EndGlobal
